
Microsoft Visual Studio Solution File, Format Version 12.00
# Visual Studio Version 16
VisualStudioVersion = 16.0.29926.136
MinimumVisualStudioVersion = 10.0.40219.1
Project("{FAE04EC0-301F-11D3-BF4B-00C04F79EFBC}") = "ABS_API", "ABS_API\ABS_API.csproj", "{D1C39AEA-CA7F-4596-9962-EC19796B9B7C}"
EndProject
Project("{FAE04EC0-301F-11D3-BF4B-00C04F79EFBC}") = "ABS_API.Tests", "ABS_API.Tests\ABS_API.Tests.csproj", "{73FC715B-2B86-41D4-91FB-FC6392162128}"
EndProject
Global
	GlobalSection(SolutionConfigurationPlatforms) = preSolution
		Debug|Any CPU = Debug|Any CPU
		Release|Any CPU = Release|Any CPU
	EndGlobalSection
	GlobalSection(ProjectConfigurationPlatforms) = postSolution
		{D1C39AEA-CA7F-4596-9962-EC19796B9B7C}.Debug|Any CPU.ActiveCfg = Debug|Any CPU
		{D1C39AEA-CA7F-4596-9962-EC19796B9B7C}.Debug|Any CPU.Build.0 = Debug|Any CPU
		{D1C39AEA-CA7F-4596-9962-EC19796B9B7C}.Release|Any CPU.ActiveCfg = Release|Any CPU
		{D1C39AEA-CA7F-4596-9962-EC19796B9B7C}.Release|Any CPU.Build.0 = Release|Any CPU
		{73FC715B-2B86-41D4-91FB-FC6392162128}.Debug|Any CPU.ActiveCfg = Debug|Any CPU
		{73FC715B-2B86-41D4-91FB-FC6392162128}.Debug|Any CPU.Build.0 = Debug|Any CPU
		{73FC715B-2B86-41D4-91FB-FC6392162128}.Release|Any CPU.ActiveCfg = Release|Any CPU
		{73FC715B-2B86-41D4-91FB-FC6392162128}.Release|Any CPU.Build.0 = Release|Any CPU
	EndGlobalSection
	GlobalSection(SolutionProperties) = preSolution
		HideSolutionNode = FALSE
	EndGlobalSection
	GlobalSection(ExtensibilityGlobals) = postSolution
		SolutionGuid = {0AF23084-5B0D-48FF-B2B3-9C066435D55D}
	EndGlobalSection
EndGlobal
